Microsoft Visual Studio Solution File, Format Version 12.00
# Visual Studio 15
VisualStudioVersion = 15.0.26730.16
MinimumVisualStudioVersion = 10.0.40219.1
Project("{9A19103F-16F7-4668-BE54-9A1E7A4F7556}") = "Inboxy.Core", "Inboxy.Core\Inboxy.Core.csproj", "{798AE878-F08A-4BED-8ED4-BAB6E38701C4}"
EndProject
Project("{9A19103F-16F7-4668-BE54-9A1E7A4F7556}") = "Inboxy.Users", "Inboxy.Users\Inboxy.Users.csproj", "{30403366-F9F2-4B28-8A0F-E28F3DBBF774}"
EndProject
Project("{9A19103F-16F7-4668-BE54-9A1E7A4F7556}") = "Inboxy.Infrastructure", "Inboxy.Infrastructure\Inboxy.Infrastructure.csproj", "{91FD05E8-C149-47AD-9964-86CC153B1272}"
EndProject
Project("{9A19103F-16F7-4668-BE54-9A1E7A4F7556}") = "Inboxy.Web", "Inboxy.Web\Inboxy.Web.csproj", "{2BD8D189-E689-4E2B-8282-8073D810C1EE}"
EndProject
Project("{9A19103F-16F7-4668-BE54-9A1E7A4F7556}") = "Inboxy.DataSeed", "Inboxy.DataSeed\Inboxy.DataSeed.csproj", "{CBA6F7F2-46E6-432D-B77F-851CC72EBE32}"
EndProject
Project("{2150E333-8FDC-42A3-9474-1A3956D46DE8}") = "Various", "Various", "{E008CA1C-C881-4121-BA3E-373ADF7645B5}"
	ProjectSection(SolutionItems) = preProject
		.gitattributes = .gitattributes
		.gitignore = .gitignore
		readme.md = readme.md
	EndProjectSection
EndProject
Project("{00D1A9C2-B5F0-4AF3-8072-F6C62B433612}") = "Inboxy.Database", "Inboxy.Database\Inboxy.Database.sqlproj", "{5B1C73FB-ECE4-47EB-BA6C-FC37137AFAB1}"
EndProject
Project("{9A19103F-16F7-4668-BE54-9A1E7A4F7556}") = "Inboxy.Filing", "Inboxy.Filing\Inboxy.Filing.csproj", "{47093E66-597C-4626-8386-7FC08C44E073}"
EndProject
Project("{9A19103F-16F7-4668-BE54-9A1E7A4F7556}") = "Inboxy.Core.Test", "Inboxy.Core.Test\Inboxy.Core.Test.csproj", "{4FDFB84C-4153-4783-A77D-9EBD49382FA9}"
EndProject
Project("{2150E333-8FDC-42A3-9474-1A3956D46DE8}") = "Tests", "Tests", "{AFC5A5AB-2864-4BCF-8EA0-D56BA903DEFC}"
EndProject
Project("{FAE04EC0-301F-11D3-BF4B-00C04F79EFBC}") = "Inboxy.Ticket", "Inboxy.Ticket\Inboxy.Ticket.csproj", "{F5DC3719-CA81-4F79-8846-AF3C8FE17617}"
EndProject
Global
	GlobalSection(SolutionConfigurationPlatforms) = preSolution
		Debug|Any CPU = Debug|Any CPU
		Release|Any CPU = Release|Any CPU
	EndGlobalSection
	GlobalSection(ProjectConfigurationPlatforms) = postSolution
		{798AE878-F08A-4BED-8ED4-BAB6E38701C4}.Debug|Any CPU.ActiveCfg = Debug|Any CPU
		{798AE878-F08A-4BED-8ED4-BAB6E38701C4}.Debug|Any CPU.Build.0 = Debug|Any CPU
		{798AE878-F08A-4BED-8ED4-BAB6E38701C4}.Release|Any CPU.ActiveCfg = Release|Any CPU
		{798AE878-F08A-4BED-8ED4-BAB6E38701C4}.Release|Any CPU.Build.0 = Release|Any CPU
		{30403366-F9F2-4B28-8A0F-E28F3DBBF774}.Debug|Any CPU.ActiveCfg = Debug|Any CPU
		{30403366-F9F2-4B28-8A0F-E28F3DBBF774}.Debug|Any CPU.Build.0 = Debug|Any CPU
		{30403366-F9F2-4B28-8A0F-E28F3DBBF774}.Release|Any CPU.ActiveCfg = Release|Any CPU
		{30403366-F9F2-4B28-8A0F-E28F3DBBF774}.Release|Any CPU.Build.0 = Release|Any CPU
		{91FD05E8-C149-47AD-9964-86CC153B1272}.Debug|Any CPU.ActiveCfg = Debug|Any CPU
		{91FD05E8-C149-47AD-9964-86CC153B1272}.Debug|Any CPU.Build.0 = Debug|Any CPU
		{91FD05E8-C149-47AD-9964-86CC153B1272}.Release|Any CPU.ActiveCfg = Release|Any CPU
		{91FD05E8-C149-47AD-9964-86CC153B1272}.Release|Any CPU.Build.0 = Release|Any CPU
		{2BD8D189-E689-4E2B-8282-8073D810C1EE}.Debug|Any CPU.ActiveCfg = Debug|Any CPU
		{2BD8D189-E689-4E2B-8282-8073D810C1EE}.Debug|Any CPU.Build.0 = Debug|Any CPU
		{2BD8D189-E689-4E2B-8282-8073D810C1EE}.Release|Any CPU.ActiveCfg = Release|Any CPU
		{2BD8D189-E689-4E2B-8282-8073D810C1EE}.Release|Any CPU.Build.0 = Release|Any CPU
		{CBA6F7F2-46E6-432D-B77F-851CC72EBE32}.Debug|Any CPU.ActiveCfg = Debug|Any CPU
		{CBA6F7F2-46E6-432D-B77F-851CC72EBE32}.Debug|Any CPU.Build.0 = Debug|Any CPU
		{CBA6F7F2-46E6-432D-B77F-851CC72EBE32}.Release|Any CPU.ActiveCfg = Release|Any CPU
		{CBA6F7F2-46E6-432D-B77F-851CC72EBE32}.Release|Any CPU.Build.0 = Release|Any CPU
		{5B1C73FB-ECE4-47EB-BA6C-FC37137AFAB1}.Debug|Any CPU.ActiveCfg = Debug|Any CPU
		{5B1C73FB-ECE4-47EB-BA6C-FC37137AFAB1}.Debug|Any CPU.Build.0 = Debug|Any CPU
		{5B1C73FB-ECE4-47EB-BA6C-FC37137AFAB1}.Debug|Any CPU.Deploy.0 = Debug|Any CPU
		{5B1C73FB-ECE4-47EB-BA6C-FC37137AFAB1}.Release|Any CPU.ActiveCfg = Release|Any CPU
		{5B1C73FB-ECE4-47EB-BA6C-FC37137AFAB1}.Release|Any CPU.Build.0 = Release|Any CPU
		{5B1C73FB-ECE4-47EB-BA6C-FC37137AFAB1}.Release|Any CPU.Deploy.0 = Release|Any CPU
		{47093E66-597C-4626-8386-7FC08C44E073}.Debug|Any CPU.ActiveCfg = Debug|Any CPU
		{47093E66-597C-4626-8386-7FC08C44E073}.Debug|Any CPU.Build.0 = Debug|Any CPU
		{47093E66-597C-4626-8386-7FC08C44E073}.Release|Any CPU.ActiveCfg = Release|Any CPU
		{47093E66-597C-4626-8386-7FC08C44E073}.Release|Any CPU.Build.0 = Release|Any CPU
		{4FDFB84C-4153-4783-A77D-9EBD49382FA9}.Debug|Any CPU.ActiveCfg = Debug|Any CPU
		{4FDFB84C-4153-4783-A77D-9EBD49382FA9}.Debug|Any CPU.Build.0 = Debug|Any CPU
		{4FDFB84C-4153-4783-A77D-9EBD49382FA9}.Release|Any CPU.ActiveCfg = Release|Any CPU
		{4FDFB84C-4153-4783-A77D-9EBD49382FA9}.Release|Any CPU.Build.0 = Release|Any CPU
		{F5DC3719-CA81-4F79-8846-AF3C8FE17617}.Debug|Any CPU.ActiveCfg = Debug|Any CPU
		{F5DC3719-CA81-4F79-8846-AF3C8FE17617}.Debug|Any CPU.Build.0 = Debug|Any CPU
		{F5DC3719-CA81-4F79-8846-AF3C8FE17617}.Release|Any CPU.ActiveCfg = Release|Any CPU
		{F5DC3719-CA81-4F79-8846-AF3C8FE17617}.Release|Any CPU.Build.0 = Release|Any CPU
	EndGlobalSection
	GlobalSection(SolutionProperties) = preSolution
		HideSolutionNode = FALSE
	EndGlobalSection
	GlobalSection(NestedProjects) = preSolution
		{4FDFB84C-4153-4783-A77D-9EBD49382FA9} = {AFC5A5AB-2864-4BCF-8EA0-D56BA903DEFC}
	EndGlobalSection
	GlobalSection(ExtensibilityGlobals) = postSolution
		SolutionGuid = {00FFBBAD-0AD8-4835-99EC-1B1C716C9E7B}
	EndGlobalSection
EndGlobal
